
Microsoft Visual Studio Solution File, Format Version 12.00
# Visual Studio Version 17
VisualStudioVersion = 17.14.36603.0 d17.14
MinimumVisualStudioVersion = 10.0.40219.1
Project("{FAE04EC0-301F-11D3-BF4B-00C04F79EFBC}") = "ForumDev", "ForumDev\ForumDev.csproj", "{949F0A4B-166B-49DD-83EA-A2CCCF93D46E}"
EndProject
Global
	GlobalSection(SolutionConfigurationPlatforms) = preSolution
		Debug|Any CPU = Debug|Any CPU
		Release|Any CPU = Release|Any CPU
	EndGlobalSection
	GlobalSection(ProjectConfigurationPlatforms) = postSolution
		{949F0A4B-166B-49DD-83EA-A2CCCF93D46E}.Debug|Any CPU.ActiveCfg = Debug|Any CPU
		{949F0A4B-166B-49DD-83EA-A2CCCF93D46E}.Debug|Any CPU.Build.0 = Debug|Any CPU
		{949F0A4B-166B-49DD-83EA-A2CCCF93D46E}.Release|Any CPU.ActiveCfg = Release|Any CPU
		{949F0A4B-166B-49DD-83EA-A2CCCF93D46E}.Release|Any CPU.Build.0 = Release|Any CPU
	EndGlobalSection
	GlobalSection(SolutionProperties) = preSolution
		HideSolutionNode = FALSE
	EndGlobalSection
	GlobalSection(ExtensibilityGlobals) = postSolution
		SolutionGuid = {BF8BAACB-62C8-4A24-B828-09E05C3E9869}
	EndGlobalSection
EndGlobal
